
Microsoft Visual Studio Solution File, Format Version 12.00
# Visual Studio Version 17
VisualStudioVersion = 17.11.35208.52
MinimumVisualStudioVersion = 10.0.40219.1
Project("{FAE04EC0-301F-11D3-BF4B-00C04F79EFBC}") = "PairOfSocks", "PairOfSocks\PairOfSocks.csproj", "{0816A44D-51DC-46DF-8550-92B3F3FA8235}"
EndProject
Global
	GlobalSection(SolutionConfigurationPlatforms) = preSolution
		Debug|Any CPU = Debug|Any CPU
		Release|Any CPU = Release|Any CPU
	EndGlobalSection
	GlobalSection(ProjectConfigurationPlatforms) = postSolution
		{0816A44D-51DC-46DF-8550-92B3F3FA8235}.Debug|Any CPU.ActiveCfg = Debug|Any CPU
		{0816A44D-51DC-46DF-8550-92B3F3FA8235}.Debug|Any CPU.Build.0 = Debug|Any CPU
		{0816A44D-51DC-46DF-8550-92B3F3FA8235}.Release|Any CPU.ActiveCfg = Release|Any CPU
		{0816A44D-51DC-46DF-8550-92B3F3FA8235}.Release|Any CPU.Build.0 = Release|Any CPU
	EndGlobalSection
	GlobalSection(SolutionProperties) = preSolution
		HideSolutionNode = FALSE
	EndGlobalSection
	GlobalSection(ExtensibilityGlobals) = postSolution
		SolutionGuid = {A7F66EFD-96D7-4FC5-9401-3C2788CDEEBB}
	EndGlobalSection
EndGlobal
