
Microsoft Visual Studio Solution File, Format Version 12.00
# Visual Studio Version 17
VisualStudioVersion = 17.11.35208.52
MinimumVisualStudioVersion = 10.0.40219.1
Project("{FAE04EC0-301F-11D3-BF4B-00C04F79EFBC}") = "Barbecue Skewers", "Barbecue Skewers\Barbecue Skewers.csproj", "{CDF217B0-3C97-4D26-BF86-C282A7856C8B}"
EndProject
Global
	GlobalSection(SolutionConfigurationPlatforms) = preSolution
		Debug|Any CPU = Debug|Any CPU
		Release|Any CPU = Release|Any CPU
	EndGlobalSection
	GlobalSection(ProjectConfigurationPlatforms) = postSolution
		{CDF217B0-3C97-4D26-BF86-C282A7856C8B}.Debug|Any CPU.ActiveCfg = Debug|Any CPU
		{CDF217B0-3C97-4D26-BF86-C282A7856C8B}.Debug|Any CPU.Build.0 = Debug|Any CPU
		{CDF217B0-3C97-4D26-BF86-C282A7856C8B}.Release|Any CPU.ActiveCfg = Release|Any CPU
		{CDF217B0-3C97-4D26-BF86-C282A7856C8B}.Release|Any CPU.Build.0 = Release|Any CPU
	EndGlobalSection
	GlobalSection(SolutionProperties) = preSolution
		HideSolutionNode = FALSE
	EndGlobalSection
	GlobalSection(ExtensibilityGlobals) = postSolution
		SolutionGuid = {0871F2B4-43C4-46F6-BFE6-85942A58B42A}
	EndGlobalSection
EndGlobal
