
Microsoft Visual Studio Solution File, Format Version 12.00
# Visual Studio Version 17
VisualStudioVersion = 17.11.35208.52
MinimumVisualStudioVersion = 10.0.40219.1
Project("{FAE04EC0-301F-11D3-BF4B-00C04F79EFBC}") = "Finding Nemo", "Finding Nemo\Finding Nemo.csproj", "{E919C123-B754-435B-930B-523375809B18}"
EndProject
Global
	GlobalSection(SolutionConfigurationPlatforms) = preSolution
		Debug|Any CPU = Debug|Any CPU
		Release|Any CPU = Release|Any CPU
	EndGlobalSection
	GlobalSection(ProjectConfigurationPlatforms) = postSolution
		{E919C123-B754-435B-930B-523375809B18}.Debug|Any CPU.ActiveCfg = Debug|Any CPU
		{E919C123-B754-435B-930B-523375809B18}.Debug|Any CPU.Build.0 = Debug|Any CPU
		{E919C123-B754-435B-930B-523375809B18}.Release|Any CPU.ActiveCfg = Release|Any CPU
		{E919C123-B754-435B-930B-523375809B18}.Release|Any CPU.Build.0 = Release|Any CPU
	EndGlobalSection
	GlobalSection(SolutionProperties) = preSolution
		HideSolutionNode = FALSE
	EndGlobalSection
	GlobalSection(ExtensibilityGlobals) = postSolution
		SolutionGuid = {DB84073E-D836-4FE5-96D7-9CDC47C5BF73}
	EndGlobalSection
EndGlobal
